// !$*UTF8*$!
{
	archiveVersion = 1;
	classes = {
	};
	objectVersion = 46;
	objects = {

/* Begin PBXBuildFile section */
		8903B8A9192C44EA00B0C139 /* MelodyCategory.m in Sources */ = {isa = PBXBuildFile; fileRef = 8903B8A8192C44EA00B0C139 /* MelodyCategory.m */; };
		8903B8AC192C48BB00B0C139 /* Melody.m in Sources */ = {isa = PBXBuildFile; fileRef = 8903B8AB192C48BB00B0C139 /* Melody.m */; };
		89070FF519219EC000BB9E2F /* Foundation.framework in Frameworks */ = {isa = PBXBuildFile; fileRef = 89070FF419219EC000BB9E2F /* Foundation.framework */; };
		89070FF719219EC000BB9E2F /* CoreGraphics.framework in Frameworks */ = {isa = PBXBuildFile; fileRef = 89070FF619219EC000BB9E2F /* CoreGraphics.framework */; };
		89070FF919219EC000BB9E2F /* UIKit.framework in Frameworks */ = {isa = PBXBuildFile; fileRef = 89070FF819219EC000BB9E2F /* UIKit.framework */; };
		89070FFB19219EC000BB9E2F /* CoreData.framework in Frameworks */ = {isa = PBXBuildFile; fileRef = 89070FFA19219EC000BB9E2F /* CoreData.framework */; };
		8907100119219EC000BB9E2F /* InfoPlist.strings in Resources */ = {isa = PBXBuildFile; fileRef = 89070FFF19219EC000BB9E2F /* InfoPlist.strings */; };
		8907100319219EC000BB9E2F /* main.m in Sources */ = {isa = PBXBuildFile; fileRef = 8907100219219EC000BB9E2F /* main.m */; };
		8907100719219EC000BB9E2F /* AppDelegate.m in Sources */ = {isa = PBXBuildFile; fileRef = 8907100619219EC000BB9E2F /* AppDelegate.m */; };
		8907100A19219EC000BB9E2F /* PianoHelp.xcdatamodeld in Sources */ = {isa = PBXBuildFile; fileRef = 8907100819219EC000BB9E2F /* PianoHelp.xcdatamodeld */; };
		8907100C19219EC000BB9E2F /* Images.xcassets in Resources */ = {isa = PBXBuildFile; fileRef = 8907100B19219EC000BB9E2F /* Images.xcassets */; };
		8907101319219EC000BB9E2F /* XCTest.framework in Frameworks */ = {isa = PBXBuildFile; fileRef = 8907101219219EC000BB9E2F /* XCTest.framework */; };
		8907101419219EC000BB9E2F /* Foundation.framework in Frameworks */ = {isa = PBXBuildFile; fileRef = 89070FF419219EC000BB9E2F /* Foundation.framework */; };
		8907101519219EC000BB9E2F /* UIKit.framework in Frameworks */ = {isa = PBXBuildFile; fileRef = 89070FF819219EC000BB9E2F /* UIKit.framework */; };
		8907101619219EC000BB9E2F /* CoreData.framework in Frameworks */ = {isa = PBXBuildFile; fileRef = 89070FFA19219EC000BB9E2F /* CoreData.framework */; };
		8907101E19219EC000BB9E2F /* InfoPlist.strings in Resources */ = {isa = PBXBuildFile; fileRef = 8907101C19219EC000BB9E2F /* InfoPlist.strings */; };
		8907102019219EC000BB9E2F /* PianoHelpTests.m in Sources */ = {isa = PBXBuildFile; fileRef = 8907101F19219EC000BB9E2F /* PianoHelpTests.m */; };
		8907102A19219F3A00BB9E2F /* Storyboard.storyboard in Resources */ = {isa = PBXBuildFile; fileRef = 8907102919219F3A00BB9E2F /* Storyboard.storyboard */; };
		8907102D1921A03900BB9E2F /* RootViewController.m in Sources */ = {isa = PBXBuildFile; fileRef = 8907102C1921A03900BB9E2F /* RootViewController.m */; };
		89257490192E40450049EF14 /* MelodyCategoryCollectioViewCell.m in Sources */ = {isa = PBXBuildFile; fileRef = 8925748F192E40450049EF14 /* MelodyCategoryCollectioViewCell.m */; };
		8936CF64192440F0001E5DCC /* SearchViewController.m in Sources */ = {isa = PBXBuildFile; fileRef = 8936CF63192440F0001E5DCC /* SearchViewController.m */; };
		89429BC31566D8A70003A7D4 /* bangdingxuliehao.png in Resources */ = {isa = PBXBuildFile; fileRef = 89429B8F1566D8A70003A7D4 /* bangdingxuliehao.png */; };
		89429BC41566D8A70003A7D4 /* bangdingxulihao.png in Resources */ = {isa = PBXBuildFile; fileRef = 89429B901566D8A70003A7D4 /* bangdingxulihao.png */; };
		89429BC51566D8A70003A7D4 /* chakan.png in Resources */ = {isa = PBXBuildFile; fileRef = 89429B911566D8A70003A7D4 /* chakan.png */; };
		89429BC61566D8A70003A7D4 /* chakan1.png in Resources */ = {isa = PBXBuildFile; fileRef = 89429B921566D8A70003A7D4 /* chakan1.png */; };
		89429BC71566D8A70003A7D4 /* confirmKuang.png in Resources */ = {isa = PBXBuildFile; fileRef = 89429B931566D8A70003A7D4 /* confirmKuang.png */; };
		89429BC81566D8A70003A7D4 /* daohangtiao.png in Resources */ = {isa = PBXBuildFile; fileRef = 89429B941566D8A70003A7D4 /* daohangtiao.png */; };
		89429BC91566D8A70003A7D4 /* ditu.png in Resources */ = {isa = PBXBuildFile; fileRef = 89429B951566D8A70003A7D4 /* ditu.png */; };
		89429BCA1566D8A70003A7D4 /* fanhuishangji.png in Resources */ = {isa = PBXBuildFile; fileRef = 89429B961566D8A70003A7D4 /* fanhuishangji.png */; };
		89429BCB1566D8A70003A7D4 /* fanhuishangji1.png in Resources */ = {isa = PBXBuildFile; fileRef = 89429B971566D8A70003A7D4 /* fanhuishangji1.png */; };
		89429BCC1566D8A70003A7D4 /* gengduo.png in Resources */ = {isa = PBXBuildFile; fileRef = 89429B981566D8A70003A7D4 /* gengduo.png */; };
		89429BCD1566D8A70003A7D4 /* gengduo1.png in Resources */ = {isa = PBXBuildFile; fileRef = 89429B991566D8A70003A7D4 /* gengduo1.png */; };
		89429BCE1566D8A70003A7D4 /* huadongshanchu1.png in Resources */ = {isa = PBXBuildFile; fileRef = 89429B9A1566D8A70003A7D4 /* huadongshanchu1.png */; };
		89429BCF1566D8A70003A7D4 /* huadongshanchu2.png in Resources */ = {isa = PBXBuildFile; fileRef = 89429B9B1566D8A70003A7D4 /* huadongshanchu2.png */; };
		89429BD01566D8A70003A7D4 /* huiyuanqupu.png in Resources */ = {isa = PBXBuildFile; fileRef = 89429B9C1566D8A70003A7D4 /* huiyuanqupu.png */; };
		89429BD11566D8A70003A7D4 /* Icon-72.png in Resources */ = {isa = PBXBuildFile; fileRef = 89429B9D1566D8A70003A7D4 /* Icon-72.png */; };
		89429BD21566D8A70003A7D4 /* jiaocaiqupu.png in Resources */ = {isa = PBXBuildFile; fileRef = 89429B9E1566D8A70003A7D4 /* jiaocaiqupu.png */; };
		89429BD31566D8A70003A7D4 /* jiaocaishuben.png in Resources */ = {isa = PBXBuildFile; fileRef = 89429B9F1566D8A70003A7D4 /* jiaocaishuben.png */; };
		89429BD41566D8A70003A7D4 /* jinguan.png in Resources */ = {isa = PBXBuildFile; fileRef = 89429BA01566D8A70003A7D4 /* jinguan.png */; };
		89429BD51566D8A70003A7D4 /* loading xiao.png in Resources */ = {isa = PBXBuildFile; fileRef = 89429BA11566D8A70003A7D4 /* loading xiao.png */; };
		89429BD61566D8A70003A7D4 /* loading.png in Resources */ = {isa = PBXBuildFile; fileRef = 89429BA21566D8A70003A7D4 /* loading.png */; };
		89429BD71566D8A70003A7D4 /* puku.png in Resources */ = {isa = PBXBuildFile; fileRef = 89429BA31566D8A70003A7D4 /* puku.png */; };
		89429BD81566D8A70003A7D4 /* puku1.png in Resources */ = {isa = PBXBuildFile; fileRef = 89429BA41566D8A70003A7D4 /* puku1.png */; };
		89429BD91566D8A70003A7D4 /* qinfang.png in Resources */ = {isa = PBXBuildFile; fileRef = 89429BA51566D8A70003A7D4 /* qinfang.png */; };
		89429BDA1566D8A70003A7D4 /* qinfang1.png in Resources */ = {isa = PBXBuildFile; fileRef = 89429BA61566D8A70003A7D4 /* qinfang1.png */; };
		89429BDB1566D8A70003A7D4 /* quanbuyeqian.png in Resources */ = {isa = PBXBuildFile; fileRef = 89429BA71566D8A70003A7D4 /* quanbuyeqian.png */; };
		89429BDC1566D8A70003A7D4 /* quanbuyeqian1.png in Resources */ = {isa = PBXBuildFile; fileRef = 89429BA81566D8A70003A7D4 /* quanbuyeqian1.png */; };
		89429BDD1566D8A70003A7D4 /* renwu.png in Resources */ = {isa = PBXBuildFile; fileRef = 89429BA91566D8A70003A7D4 /* renwu.png */; };
		89429BDE1566D8A70003A7D4 /* renwu1.png in Resources */ = {isa = PBXBuildFile; fileRef = 89429BAA1566D8A70003A7D4 /* renwu1.png */; };
		89429BDF1566D8A70003A7D4 /* sangemoshi.png in Resources */ = {isa = PBXBuildFile; fileRef = 89429BAB1566D8A70003A7D4 /* sangemoshi.png */; };
		89429BE01566D8A70003A7D4 /* sanmoshiyuanjuxingbiankuang.png in Resources */ = {isa = PBXBuildFile; fileRef = 89429BAC1566D8A70003A7D4 /* sanmoshiyuanjuxingbiankuang.png */; };
		89429BE11566D8A70003A7D4 /* shangcehng.png in Resources */ = {isa = PBXBuildFile; fileRef = 89429BAD1566D8A70003A7D4 /* shangcehng.png */; };
		89429BE21566D8A70003A7D4 /* shangcheng1.png in Resources */ = {isa = PBXBuildFile; fileRef = 89429BAE1566D8A70003A7D4 /* shangcheng1.png */; };
		89429BE31566D8A70003A7D4 /* shifanqupu.png in Resources */ = {isa = PBXBuildFile; fileRef = 89429BAF1566D8A70003A7D4 /* shifanqupu.png */; };
		89429BE41566D8A70003A7D4 /* sousuotiao.png in Resources */ = {isa = PBXBuildFile; fileRef = 89429BB01566D8A70003A7D4 /* sousuotiao.png */; };
		89429BE51566D8A70003A7D4 /* tanzou.png in Resources */ = {isa = PBXBuildFile; fileRef = 89429BB11566D8A70003A7D4 /* tanzou.png */; };
		89429BE61566D8A70003A7D4 /* tanzou1.png in Resources */ = {isa = PBXBuildFile; fileRef = 89429BB21566D8A70003A7D4 /* tanzou1.png */; };
		89429BE71566D8A70003A7D4 /* tongguan.png in Resources */ = {isa = PBXBuildFile; fileRef = 89429BB31566D8A70003A7D4 /* tongguan.png */; };
		89429BE81566D8A70003A7D4 /* tuichudangqianzhanghao1.png in Resources */ = {isa = PBXBuildFile; fileRef = 89429BB41566D8A70003A7D4 /* tuichudangqianzhanghao1.png */; };
		89429BE91566D8A70003A7D4 /* tuichudangqianzhanghu.png in Resources */ = {isa = PBXBuildFile; fileRef = 89429BB51566D8A70003A7D4 /* tuichudangqianzhanghu.png */; };
		89429BEA1566D8A70003A7D4 /* weigoumaitubiao.png in Resources */ = {isa = PBXBuildFile; fileRef = 89429BB61566D8A70003A7D4 /* weigoumaitubiao.png */; };
		89429BEB1566D8A70003A7D4 /* weigouwu.png in Resources */ = {isa = PBXBuildFile; fileRef = 89429BB71566D8A70003A7D4 /* weigouwu.png */; };
		89429BEC1566D8A70003A7D4 /* weigouwu1.png in Resources */ = {isa = PBXBuildFile; fileRef = 89429BB81566D8A70003A7D4 /* weigouwu1.png */; };
		89429BED1566D8A70003A7D4 /* wenbenxinxikuang.png in Resources */ = {isa = PBXBuildFile; fileRef = 89429BB91566D8A70003A7D4 /* wenbenxinxikuang.png */; };
		89429BEE1566D8A70003A7D4 /* xiai1.png in Resources */ = {isa = PBXBuildFile; fileRef = 89429BBA1566D8A70003A7D4 /* xiai1.png */; };
		89429BEF1566D8A70003A7D4 /* xiaoxi.png in Resources */ = {isa = PBXBuildFile; fileRef = 89429BBB1566D8A70003A7D4 /* xiaoxi.png */; };
		89429BF01566D8A70003A7D4 /* xiaoxi1.png in Resources */ = {isa = PBXBuildFile; fileRef = 89429BBC1566D8A70003A7D4 /* xiaoxi1.png */; };
		89429BF11566D8A70003A7D4 /* xihai.png in Resources */ = {isa = PBXBuildFile; fileRef = 89429BBD1566D8A70003A7D4 /* xihai.png */; };
		89429BF21566D8A70003A7D4 /* yigouwu.png in Resources */ = {isa = PBXBuildFile; fileRef = 89429BBE1566D8A70003A7D4 /* yigouwu.png */; };
		89429BF31566D8A70003A7D4 /* yigouwu1.png in Resources */ = {isa = PBXBuildFile; fileRef = 89429BBF1566D8A70003A7D4 /* yigouwu1.png */; };
		89429BF41566D8A70003A7D4 /* yinguan.png in Resources */ = {isa = PBXBuildFile; fileRef = 89429BC01566D8A70003A7D4 /* yinguan.png */; };
		89429BF51566D8A70003A7D4 /* zhanting.png in Resources */ = {isa = PBXBuildFile; fileRef = 89429BC11566D8A70003A7D4 /* zhanting.png */; };
		89429BF61566D8A70003A7D4 /* zhanting1.png in Resources */ = {isa = PBXBuildFile; fileRef = 89429BC21566D8A70003A7D4 /* zhanting1.png */; };
		8987A55419258DEA00DEE6AE /* MelodyViewController.m in Sources */ = {isa = PBXBuildFile; fileRef = 8987A55319258DEA00DEE6AE /* MelodyViewController.m */; };
		8987A55719258E2200DEE6AE /* MelodyCategoryViewController.m in Sources */ = {isa = PBXBuildFile; fileRef = 8987A55619258E2200DEE6AE /* MelodyCategoryViewController.m */; };
		8987A55A19258FA500DEE6AE /* ShopViewController.m in Sources */ = {isa = PBXBuildFile; fileRef = 8987A55919258FA500DEE6AE /* ShopViewController.m */; };
		8987A55D19258FB900DEE6AE /* QinFangViewController.m in Sources */ = {isa = PBXBuildFile; fileRef = 8987A55C19258FB900DEE6AE /* QinFangViewController.m */; };
		8987A5621925B12600DEE6AE /* ShowViewController.m in Sources */ = {isa = PBXBuildFile; fileRef = 8987A5611925B12600DEE6AE /* ShowViewController.m */; };
		8987A5651925B54600DEE6AE /* BaseViewController.m in Sources */ = {isa = PBXBuildFile; fileRef = 8987A5641925B54600DEE6AE /* BaseViewController.m */; };
		89A15D921921BEBF00647F7B /* Score.m in Sources */ = {isa = PBXBuildFile; fileRef = 89A15D911921BEBF00647F7B /* Score.m */; };
		89A15DA11921BF2600647F7B /* MelodyFavorite.m in Sources */ = {isa = PBXBuildFile; fileRef = 89A15DA01921BF2600647F7B /* MelodyFavorite.m */; };
		89BE8D75192ADAD100686AC7 /* MelodyTableViewCell.m in Sources */ = {isa = PBXBuildFile; fileRef = 89BE8D74192ADAD100686AC7 /* MelodyTableViewCell.m */; };
		89BE8D78192AE16900686AC7 /* BaseTableViewCell.m in Sources */ = {isa = PBXBuildFile; fileRef = 89BE8D77192AE16900686AC7 /* BaseTableViewCell.m */; };
		89D61FD21927965400355EF0 /* APLProduct.m in Sources */ = {isa = PBXBuildFile; fileRef = 89D61FD11927965400355EF0 /* APLProduct.m */; };
		89DB78E8156722B200332CB6 /* toobar_bg.png in Resources */ = {isa = PBXBuildFile; fileRef = 89DB78E7156722B200332CB6 /* toobar_bg.png */; };
		89F6C0D9193222ED00823EF5 /* MelodyDetailViewController.m in Sources */ = {isa = PBXBuildFile; fileRef = 89F6C0D8193222ED00823EF5 /* MelodyDetailViewController.m */; };
/* End PBXBuildFile section */

/* Begin PBXContainerItemProxy section */
		8907101719219EC000BB9E2F /* PBXContainerItemProxy */ = {
			isa = PBXContainerItemProxy;
			containerPortal = 89070FE919219EBF00BB9E2F /* Project object */;
			proxyType = 1;
			remoteGlobalIDString = 89070FF019219EC000BB9E2F;
			remoteInfo = PianoHelp;
		};
/* End PBXContainerItemProxy section */

/* Begin PBXFileReference section */
		8903B8A7192C44EA00B0C139 /* MelodyCategory.h */ = {isa = PBXFileReference; fileEncoding = 4; lastKnownFileType = sourcecode.c.h; path = MelodyCategory.h; sourceTree = "<group>"; };
		8903B8A8192C44EA00B0C139 /* MelodyCategory.m */ = {isa = PBXFileReference; fileEncoding = 4; lastKnownFileType = sourcecode.c.objc; path = MelodyCategory.m; sourceTree = "<group>"; };
		8903B8AA192C48BB00B0C139 /* Melody.h */ = {isa = PBXFileReference; fileEncoding = 4; lastKnownFileType = sourcecode.c.h; path = Melody.h; sourceTree = "<group>"; };
		8903B8AB192C48BB00B0C139 /* Melody.m */ = {isa = PBXFileReference; fileEncoding = 4; lastKnownFileType = sourcecode.c.objc; path = Melody.m; sourceTree = "<group>"; };
		89070FF119219EC000BB9E2F /* PianoHelp.app */ = {isa = PBXFileReference; explicitFileType = wrapper.application; includeInIndex = 0; path = PianoHelp.app; sourceTree = BUILT_PRODUCTS_DIR; };
		89070FF419219EC000BB9E2F /* Foundation.framework */ = {isa = PBXFileReference; lastKnownFileType = wrapper.framework; name = Foundation.framework; path = System/Library/Frameworks/Foundation.framework; sourceTree = SDKROOT; };
		89070FF619219EC000BB9E2F /* CoreGraphics.framework */ = {isa = PBXFileReference; lastKnownFileType = wrapper.framework; name = CoreGraphics.framework; path = System/Library/Frameworks/CoreGraphics.framework; sourceTree = SDKROOT; };
		89070FF819219EC000BB9E2F /* UIKit.framework */ = {isa = PBXFileReference; lastKnownFileType = wrapper.framework; name = UIKit.framework; path = System/Library/Frameworks/UIKit.framework; sourceTree = SDKROOT; };
		89070FFA19219EC000BB9E2F /* CoreData.framework */ = {isa = PBXFileReference; lastKnownFileType = wrapper.framework; name = CoreData.framework; path = System/Library/Frameworks/CoreData.framework; sourceTree = SDKROOT; };
		89070FFE19219EC000BB9E2F /* PianoHelp-Info.plist */ = {isa = PBXFileReference; lastKnownFileType = text.plist.xml; path = "PianoHelp-Info.plist"; sourceTree = "<group>"; };
		8907100019219EC000BB9E2F /* en */ = {isa = PBXFileReference; lastKnownFileType = text.plist.strings; name = en; path = en.lproj/InfoPlist.strings; sourceTree = "<group>"; };
		8907100219219EC000BB9E2F /* main.m */ = {isa = PBXFileReference; lastKnownFileType = sourcecode.c.objc; path = main.m; sourceTree = "<group>"; };
		8907100419219EC000BB9E2F /* PianoHelp-Prefix.pch */ = {isa = PBXFileReference; lastKnownFileType = sourcecode.c.h; path = "PianoHelp-Prefix.pch"; sourceTree = "<group>"; };
		8907100519219EC000BB9E2F /* AppDelegate.h */ = {isa = PBXFileReference; lastKnownFileType = sourcecode.c.h; path = AppDelegate.h; sourceTree = "<group>"; };
		8907100619219EC000BB9E2F /* AppDelegate.m */ = {isa = PBXFileReference; lastKnownFileType = sourcecode.c.objc; path = AppDelegate.m; sourceTree = "<group>"; };
		8907100919219EC000BB9E2F /* PianoHelp.xcdatamodel */ = {isa = PBXFileReference; lastKnownFileType = wrapper.xcdatamodel; path = PianoHelp.xcdatamodel; sourceTree = "<group>"; };
		8907100B19219EC000BB9E2F /* Images.xcassets */ = {isa = PBXFileReference; lastKnownFileType = folder.assetcatalog; path = Images.xcassets; sourceTree = "<group>"; };
		8907101119219EC000BB9E2F /* PianoHelpTests.xctest */ = {isa = PBXFileReference; explicitFileType = wrapper.cfbundle; includeInIndex = 0; path = PianoHelpTests.xctest; sourceTree = BUILT_PRODUCTS_DIR; };
		8907101219219EC000BB9E2F /* XCTest.framework */ = {isa = PBXFileReference; lastKnownFileType = wrapper.framework; name = XCTest.framework; path = Library/Frameworks/XCTest.framework; sourceTree = DEVELOPER_DIR; };
		8907101B19219EC000BB9E2F /* PianoHelpTests-Info.plist */ = {isa = PBXFileReference; lastKnownFileType = text.plist.xml; path = "PianoHelpTests-Info.plist"; sourceTree = "<group>"; };
		8907101D19219EC000BB9E2F /* en */ = {isa = PBXFileReference; lastKnownFileType = text.plist.strings; name = en; path = en.lproj/InfoPlist.strings; sourceTree = "<group>"; };
		8907101F19219EC000BB9E2F /* PianoHelpTests.m */ = {isa = PBXFileReference; lastKnownFileType = sourcecode.c.objc; path = PianoHelpTests.m; sourceTree = "<group>"; };
		8907102919219F3A00BB9E2F /* Storyboard.storyboard */ = {isa = PBXFileReference; fileEncoding = 4; lastKnownFileType = file.storyboard; path = Storyboard.storyboard; sourceTree = "<group>"; };
		8907102B1921A03900BB9E2F /* RootViewController.h */ = {isa = PBXFileReference; fileEncoding = 4; lastKnownFileType = sourcecode.c.h; path = RootViewController.h; sourceTree = "<group>"; };
		8907102C1921A03900BB9E2F /* RootViewController.m */ = {isa = PBXFileReference; fileEncoding = 4; lastKnownFileType = sourcecode.c.objc; path = RootViewController.m; sourceTree = "<group>"; };
		8925748E192E40450049EF14 /* MelodyCategoryCollectioViewCell.h */ = {isa = PBXFileReference; fileEncoding = 4; lastKnownFileType = sourcecode.c.h; path = MelodyCategoryCollectioViewCell.h; sourceTree = "<group>"; };
		8925748F192E40450049EF14 /* MelodyCategoryCollectioViewCell.m */ = {isa = PBXFileReference; fileEncoding = 4; lastKnownFileType = sourcecode.c.objc; path = MelodyCategoryCollectioViewCell.m; sourceTree = "<group>"; };
		8936CF62192440F0001E5DCC /* SearchViewController.h */ = {isa = PBXFileReference; fileEncoding = 4; lastKnownFileType = sourcecode.c.h; path = SearchViewController.h; sourceTree = "<group>"; };
		8936CF63192440F0001E5DCC /* SearchViewController.m */ = {isa = PBXFileReference; fileEncoding = 4; lastKnownFileType = sourcecode.c.objc; path = SearchViewController.m; sourceTree = "<group>"; };
		89429B8F1566D8A70003A7D4 /* bangdingxuliehao.png */ = {isa = PBXFileReference; lastKnownFileType = image.png; path = bangdingxuliehao.png; sourceTree = "<group>"; };
		89429B901566D8A70003A7D4 /* bangdingxulihao.png */ = {isa = PBXFileReference; lastKnownFileType = image.png; path = bangdingxulihao.png; sourceTree = "<group>"; };
		89429B911566D8A70003A7D4 /* chakan.png */ = {isa = PBXFileReference; lastKnownFileType = image.png; path = chakan.png; sourceTree = "<group>"; };
		89429B921566D8A70003A7D4 /* chakan1.png */ = {isa = PBXFileReference; lastKnownFileType = image.png; path = chakan1.png; sourceTree = "<group>"; };
		89429B931566D8A70003A7D4 /* confirmKuang.png */ = {isa = PBXFileReference; lastKnownFileType = image.png; path = confirmKuang.png; sourceTree = "<group>"; };
		89429B941566D8A70003A7D4 /* daohangtiao.png */ = {isa = PBXFileReference; lastKnownFileType = image.png; path = daohangtiao.png; sourceTree = "<group>"; };
		89429B951566D8A70003A7D4 /* ditu.png */ = {isa = PBXFileReference; lastKnownFileType = image.png; path = ditu.png; sourceTree = "<group>"; };
		89429B961566D8A70003A7D4 /* fanhuishangji.png */ = {isa = PBXFileReference; lastKnownFileType = image.png; path = fanhuishangji.png; sourceTree = "<group>"; };
		89429B971566D8A70003A7D4 /* fanhuishangji1.png */ = {isa = PBXFileReference; lastKnownFileType = image.png; path = fanhuishangji1.png; sourceTree = "<group>"; };
		89429B981566D8A70003A7D4 /* gengduo.png */ = {isa = PBXFileReference; lastKnownFileType = image.png; path = gengduo.png; sourceTree = "<group>"; };
		89429B991566D8A70003A7D4 /* gengduo1.png */ = {isa = PBXFileReference; lastKnownFileType = image.png; path = gengduo1.png; sourceTree = "<group>"; };
		89429B9A1566D8A70003A7D4 /* huadongshanchu1.png */ = {isa = PBXFileReference; lastKnownFileType = image.png; path = huadongshanchu1.png; sourceTree = "<group>"; };
		89429B9B1566D8A70003A7D4 /* huadongshanchu2.png */ = {isa = PBXFileReference; lastKnownFileType = image.png; path = huadongshanchu2.png; sourceTree = "<group>"; };
		89429B9C1566D8A70003A7D4 /* huiyuanqupu.png */ = {isa = PBXFileReference; lastKnownFileType = image.png; path = huiyuanqupu.png; sourceTree = "<group>"; };
		89429B9D1566D8A70003A7D4 /* Icon-72.png */ = {isa = PBXFileReference; lastKnownFileType = image.png; path = "Icon-72.png"; sourceTree = "<group>"; };
		89429B9E1566D8A70003A7D4 /* jiaocaiqupu.png */ = {isa = PBXFileReference; lastKnownFileType = image.png; path = jiaocaiqupu.png; sourceTree = "<group>"; };
		89429B9F1566D8A70003A7D4 /* jiaocaishuben.png */ = {isa = PBXFileReference; lastKnownFileType = image.png; path = jiaocaishuben.png; sourceTree = "<group>"; };
		89429BA01566D8A70003A7D4 /* jinguan.png */ = {isa = PBXFileReference; lastKnownFileType = image.png; path = jinguan.png; sourceTree = "<group>"; };
		89429BA11566D8A70003A7D4 /* loading xiao.png */ = {isa = PBXFileReference; lastKnownFileType = image.png; path = "loading xiao.png"; sourceTree = "<group>"; };
		89429BA21566D8A70003A7D4 /* loading.png */ = {isa = PBXFileReference; lastKnownFileType = image.png; path = loading.png; sourceTree = "<group>"; };
		89429BA31566D8A70003A7D4 /* puku.png */ = {isa = PBXFileReference; lastKnownFileType = image.png; path = puku.png; sourceTree = "<group>"; };
		89429BA41566D8A70003A7D4 /* puku1.png */ = {isa = PBXFileReference; lastKnownFileType = image.png; path = puku1.png; sourceTree = "<group>"; };
		89429BA51566D8A70003A7D4 /* qinfang.png */ = {isa = PBXFileReference; lastKnownFileType = image.png; path = qinfang.png; sourceTree = "<group>"; };
		89429BA61566D8A70003A7D4 /* qinfang1.png */ = {isa = PBXFileReference; lastKnownFileType = image.png; path = qinfang1.png; sourceTree = "<group>"; };
		89429BA71566D8A70003A7D4 /* quanbuyeqian.png */ = {isa = PBXFileReference; lastKnownFileType = image.png; path = quanbuyeqian.png; sourceTree = "<group>"; };
		89429BA81566D8A70003A7D4 /* quanbuyeqian1.png */ = {isa = PBXFileReference; lastKnownFileType = image.png; path = quanbuyeqian1.png; sourceTree = "<group>"; };
		89429BA91566D8A70003A7D4 /* renwu.png */ = {isa = PBXFileReference; lastKnownFileType = image.png; path = renwu.png; sourceTree = "<group>"; };
		89429BAA1566D8A70003A7D4 /* renwu1.png */ = {isa = PBXFileReference; lastKnownFileType = image.png; path = renwu1.png; sourceTree = "<group>"; };
		89429BAB1566D8A70003A7D4 /* sangemoshi.png */ = {isa = PBXFileReference; lastKnownFileType = image.png; path = sangemoshi.png; sourceTree = "<group>"; };
		89429BAC1566D8A70003A7D4 /* sanmoshiyuanjuxingbiankuang.png */ = {isa = PBXFileReference; lastKnownFileType = image.png; path = sanmoshiyuanjuxingbiankuang.png; sourceTree = "<group>"; };
		89429BAD1566D8A70003A7D4 /* shangcehng.png */ = {isa = PBXFileReference; lastKnownFileType = image.png; path = shangcehng.png; sourceTree = "<group>"; };
		89429BAE1566D8A70003A7D4 /* shangcheng1.png */ = {isa = PBXFileReference; lastKnownFileType = image.png; path = shangcheng1.png; sourceTree = "<group>"; };
		89429BAF1566D8A70003A7D4 /* shifanqupu.png */ = {isa = PBXFileReference; lastKnownFileType = image.png; path = shifanqupu.png; sourceTree = "<group>"; };
		89429BB01566D8A70003A7D4 /* sousuotiao.png */ = {isa = PBXFileReference; lastKnownFileType = image.png; path = sousuotiao.png; sourceTree = "<group>"; };
		89429BB11566D8A70003A7D4 /* tanzou.png */ = {isa = PBXFileReference; lastKnownFileType = image.png; path = tanzou.png; sourceTree = "<group>"; };
		89429BB21566D8A70003A7D4 /* tanzou1.png */ = {isa = PBXFileReference; lastKnownFileType = image.png; path = tanzou1.png; sourceTree = "<group>"; };
		89429BB31566D8A70003A7D4 /* tongguan.png */ = {isa = PBXFileReference; lastKnownFileType = image.png; path = tongguan.png; sourceTree = "<group>"; };
		89429BB41566D8A70003A7D4 /* tuichudangqianzhanghao1.png */ = {isa = PBXFileReference; lastKnownFileType = image.png; path = tuichudangqianzhanghao1.png; sourceTree = "<group>"; };
		89429BB51566D8A70003A7D4 /* tuichudangqianzhanghu.png */ = {isa = PBXFileReference; lastKnownFileType = image.png; path = tuichudangqianzhanghu.png; sourceTree = "<group>"; };
		89429BB61566D8A70003A7D4 /* weigoumaitubiao.png */ = {isa = PBXFileReference; lastKnownFileType = image.png; path = weigoumaitubiao.png; sourceTree = "<group>"; };
		89429BB71566D8A70003A7D4 /* weigouwu.png */ = {isa = PBXFileReference; lastKnownFileType = image.png; path = weigouwu.png; sourceTree = "<group>"; };
		89429BB81566D8A70003A7D4 /* weigouwu1.png */ = {isa = PBXFileReference; lastKnownFileType = image.png; path = weigouwu1.png; sourceTree = "<group>"; };
		89429BB91566D8A70003A7D4 /* wenbenxinxikuang.png */ = {isa = PBXFileReference; lastKnownFileType = image.png; path = wenbenxinxikuang.png; sourceTree = "<group>"; };
		89429BBA1566D8A70003A7D4 /* xiai1.png */ = {isa = PBXFileReference; lastKnownFileType = image.png; path = xiai1.png; sourceTree = "<group>"; };
		89429BBB1566D8A70003A7D4 /* xiaoxi.png */ = {isa = PBXFileReference; lastKnownFileType = image.png; path = xiaoxi.png; sourceTree = "<group>"; };
		89429BBC1566D8A70003A7D4 /* xiaoxi1.png */ = {isa = PBXFileReference; lastKnownFileType = image.png; path = xiaoxi1.png; sourceTree = "<group>"; };
		89429BBD1566D8A70003A7D4 /* xihai.png */ = {isa = PBXFileReference; lastKnownFileType = image.png; path = xihai.png; sourceTree = "<group>"; };
		89429BBE1566D8A70003A7D4 /* yigouwu.png */ = {isa = PBXFileReference; lastKnownFileType = image.png; path = yigouwu.png; sourceTree = "<group>"; };
		89429BBF1566D8A70003A7D4 /* yigouwu1.png */ = {isa = PBXFileReference; lastKnownFileType = image.png; path = yigouwu1.png; sourceTree = "<group>"; };
		89429BC01566D8A70003A7D4 /* yinguan.png */ = {isa = PBXFileReference; lastKnownFileType = image.png; path = yinguan.png; sourceTree = "<group>"; };
		89429BC11566D8A70003A7D4 /* zhanting.png */ = {isa = PBXFileReference; lastKnownFileType = image.png; path = zhanting.png; sourceTree = "<group>"; };
		89429BC21566D8A70003A7D4 /* zhanting1.png */ = {isa = PBXFileReference; lastKnownFileType = image.png; path = zhanting1.png; sourceTree = "<group>"; };
		8987A55219258DEA00DEE6AE /* MelodyViewController.h */ = {isa = PBXFileReference; fileEncoding = 4; lastKnownFileType = sourcecode.c.h; path = MelodyViewController.h; sourceTree = "<group>"; };
		8987A55319258DEA00DEE6AE /* MelodyViewController.m */ = {isa = PBXFileReference; fileEncoding = 4; lastKnownFileType = sourcecode.c.objc; path = MelodyViewController.m; sourceTree = "<group>"; };
		8987A55519258E2200DEE6AE /* MelodyCategoryViewController.h */ = {isa = PBXFileReference; fileEncoding = 4; lastKnownFileType = sourcecode.c.h; path = MelodyCategoryViewController.h; sourceTree = "<group>"; };
		8987A55619258E2200DEE6AE /* MelodyCategoryViewController.m */ = {isa = PBXFileReference; fileEncoding = 4; lastKnownFileType = sourcecode.c.objc; path = MelodyCategoryViewController.m; sourceTree = "<group>"; };
		8987A55819258FA500DEE6AE /* ShopViewController.h */ = {isa = PBXFileReference; fileEncoding = 4; lastKnownFileType = sourcecode.c.h; path = ShopViewController.h; sourceTree = "<group>"; };
		8987A55919258FA500DEE6AE /* ShopViewController.m */ = {isa = PBXFileReference; fileEncoding = 4; lastKnownFileType = sourcecode.c.objc; path = ShopViewController.m; sourceTree = "<group>"; };
		8987A55B19258FB900DEE6AE /* QinFangViewController.h */ = {isa = PBXFileReference; fileEncoding = 4; lastKnownFileType = sourcecode.c.h; path = QinFangViewController.h; sourceTree = "<group>"; };
		8987A55C19258FB900DEE6AE /* QinFangViewController.m */ = {isa = PBXFileReference; fileEncoding = 4; lastKnownFileType = sourcecode.c.objc; path = QinFangViewController.m; sourceTree = "<group>"; };
		8987A5601925B12600DEE6AE /* ShowViewController.h */ = {isa = PBXFileReference; fileEncoding = 4; lastKnownFileType = sourcecode.c.h; path = ShowViewController.h; sourceTree = "<group>"; };
		8987A5611925B12600DEE6AE /* ShowViewController.m */ = {isa = PBXFileReference; fileEncoding = 4; lastKnownFileType = sourcecode.c.objc; path = ShowViewController.m; sourceTree = "<group>"; };
		8987A5631925B54600DEE6AE /* BaseViewController.h */ = {isa = PBXFileReference; fileEncoding = 4; lastKnownFileType = sourcecode.c.h; path = BaseViewController.h; sourceTree = "<group>"; };
		8987A5641925B54600DEE6AE /* BaseViewController.m */ = {isa = PBXFileReference; fileEncoding = 4; lastKnownFileType = sourcecode.c.objc; path = BaseViewController.m; sourceTree = "<group>"; };
		89A15D901921BEBF00647F7B /* Score.h */ = {isa = PBXFileReference; fileEncoding = 4; lastKnownFileType = sourcecode.c.h; path = Score.h; sourceTree = "<group>"; };
		89A15D911921BEBF00647F7B /* Score.m */ = {isa = PBXFileReference; fileEncoding = 4; lastKnownFileType = sourcecode.c.objc; path = Score.m; sourceTree = "<group>"; };
		89A15D9F1921BF2600647F7B /* MelodyFavorite.h */ = {isa = PBXFileReference; fileEncoding = 4; lastKnownFileType = sourcecode.c.h; path = MelodyFavorite.h; sourceTree = "<group>"; };
		89A15DA01921BF2600647F7B /* MelodyFavorite.m */ = {isa = PBXFileReference; fileEncoding = 4; lastKnownFileType = sourcecode.c.objc; path = MelodyFavorite.m; sourceTree = "<group>"; };
		89BE8D73192ADAD100686AC7 /* MelodyTableViewCell.h */ = {isa = PBXFileReference; fileEncoding = 4; lastKnownFileType = sourcecode.c.h; path = MelodyTableViewCell.h; sourceTree = "<group>"; };
		89BE8D74192ADAD100686AC7 /* MelodyTableViewCell.m */ = {isa = PBXFileReference; fileEncoding = 4; lastKnownFileType = sourcecode.c.objc; path = MelodyTableViewCell.m; sourceTree = "<group>"; };
		89BE8D76192AE16900686AC7 /* BaseTableViewCell.h */ = {isa = PBXFileReference; fileEncoding = 4; lastKnownFileType = sourcecode.c.h; path = BaseTableViewCell.h; sourceTree = "<group>"; };
		89BE8D77192AE16900686AC7 /* BaseTableViewCell.m */ = {isa = PBXFileReference; fileEncoding = 4; lastKnownFileType = sourcecode.c.objc; path = BaseTableViewCell.m; sourceTree = "<group>"; };
		89D61FD01927965400355EF0 /* APLProduct.h */ = {isa = PBXFileReference; fileEncoding = 4; lastKnownFileType = sourcecode.c.h; path = APLProduct.h; sourceTree = "<group>"; };
		89D61FD11927965400355EF0 /* APLProduct.m */ = {isa = PBXFileReference; fileEncoding = 4; lastKnownFileType = sourcecode.c.objc; path = APLProduct.m; sourceTree = "<group>"; };
		89DB78E7156722B200332CB6 /* toobar_bg.png */ = {isa = PBXFileReference; lastKnownFileType = image.png; path = toobar_bg.png; sourceTree = "<group>"; };
		89F6C0D7193222ED00823EF5 /* MelodyDetailViewController.h */ = {isa = PBXFileReference; fileEncoding = 4; lastKnownFileType = sourcecode.c.h; path = MelodyDetailViewController.h; sourceTree = "<group>"; };
		89F6C0D8193222ED00823EF5 /* MelodyDetailViewController.m */ = {isa = PBXFileReference; fileEncoding = 4; lastKnownFileType = sourcecode.c.objc; path = MelodyDetailViewController.m; sourceTree = "<group>"; };
/* End PBXFileReference section */

/* Begin PBXFrameworksBuildPhase section */
		89070FEE19219EC000BB9E2F /* Frameworks */ = {
			isa = PBXFrameworksBuildPhase;
			buildActionMask = 2147483647;
			files = (
				89070FF719219EC000BB9E2F /* CoreGraphics.framework in Frameworks */,
				89070FFB19219EC000BB9E2F /* CoreData.framework in Frameworks */,
				89070FF919219EC000BB9E2F /* UIKit.framework in Frameworks */,
				89070FF519219EC000BB9E2F /* Foundation.framework in Frameworks */,
			);
			runOnlyForDeploymentPostprocessing = 0;
		};
		8907100E19219EC000BB9E2F /* Frameworks */ = {
			isa = PBXFrameworksBuildPhase;
			buildActionMask = 2147483647;
			files = (
				8907101319219EC000BB9E2F /* XCTest.framework in Frameworks */,
				8907101619219EC000BB9E2F /* CoreData.framework in Frameworks */,
				8907101519219EC000BB9E2F /* UIKit.framework in Frameworks */,
				8907101419219EC000BB9E2F /* Foundation.framework in Frameworks */,
			);
			runOnlyForDeploymentPostprocessing = 0;
		};
/* End PBXFrameworksBuildPhase section */

/* Begin PBXGroup section */
		89070FE819219EBF00BB9E2F = {
			isa = PBXGroup;
			children = (
				89070FFC19219EC000BB9E2F /* PianoHelp */,
				8907101919219EC000BB9E2F /* PianoHelpTests */,
				89070FF319219EC000BB9E2F /* Frameworks */,
				89070FF219219EC000BB9E2F /* Products */,
			);
			sourceTree = "<group>";
		};
		89070FF219219EC000BB9E2F /* Products */ = {
			isa = PBXGroup;
			children = (
				89070FF119219EC000BB9E2F /* PianoHelp.app */,
				8907101119219EC000BB9E2F /* PianoHelpTests.xctest */,
			);
			name = Products;
			sourceTree = "<group>";
		};
		89070FF319219EC000BB9E2F /* Frameworks */ = {
			isa = PBXGroup;
			children = (
				89070FF419219EC000BB9E2F /* Foundation.framework */,
				89070FF619219EC000BB9E2F /* CoreGraphics.framework */,
				89070FF819219EC000BB9E2F /* UIKit.framework */,
				89070FFA19219EC000BB9E2F /* CoreData.framework */,
				8907101219219EC000BB9E2F /* XCTest.framework */,
			);
			name = Frameworks;
			sourceTree = "<group>";
		};
		89070FFC19219EC000BB9E2F /* PianoHelp */ = {
			isa = PBXGroup;
			children = (
				89A15D831921B82C00647F7B /* SQLModel */,
				89A15D801921B78400647F7B /* images */,
				89BE8D72192ADAAF00686AC7 /* TableCell */,
				8925748D192E3DB80049EF14 /* CollectionView */,
				8907100519219EC000BB9E2F /* AppDelegate.h */,
				8907100619219EC000BB9E2F /* AppDelegate.m */,
				8907102919219F3A00BB9E2F /* Storyboard.storyboard */,
				8987A5631925B54600DEE6AE /* BaseViewController.h */,
				8987A5641925B54600DEE6AE /* BaseViewController.m */,
				8907102B1921A03900BB9E2F /* RootViewController.h */,
				8907102C1921A03900BB9E2F /* RootViewController.m */,
				8987A55819258FA500DEE6AE /* ShopViewController.h */,
				8987A55919258FA500DEE6AE /* ShopViewController.m */,
				8987A55B19258FB900DEE6AE /* QinFangViewController.h */,
				8987A55C19258FB900DEE6AE /* QinFangViewController.m */,
				8987A55519258E2200DEE6AE /* MelodyCategoryViewController.h */,
				8987A55619258E2200DEE6AE /* MelodyCategoryViewController.m */,
				8987A55219258DEA00DEE6AE /* MelodyViewController.h */,
				8987A55319258DEA00DEE6AE /* MelodyViewController.m */,
				8987A5601925B12600DEE6AE /* ShowViewController.h */,
				8987A5611925B12600DEE6AE /* ShowViewController.m */,
				8936CF62192440F0001E5DCC /* SearchViewController.h */,
				8936CF63192440F0001E5DCC /* SearchViewController.m */,
				89F6C0D7193222ED00823EF5 /* MelodyDetailViewController.h */,
				89F6C0D8193222ED00823EF5 /* MelodyDetailViewController.m */,
				89D61FD01927965400355EF0 /* APLProduct.h */,
				89D61FD11927965400355EF0 /* APLProduct.m */,
				8907100B19219EC000BB9E2F /* Images.xcassets */,
				8907100819219EC000BB9E2F /* PianoHelp.xcdatamodeld */,
				89070FFD19219EC000BB9E2F /* Supporting Files */,
			);
			path = PianoHelp;
			sourceTree = "<group>";
		};
		89070FFD19219EC000BB9E2F /* Supporting Files */ = {
			isa = PBXGroup;
			children = (
				89070FFE19219EC000BB9E2F /* PianoHelp-Info.plist */,
				89070FFF19219EC000BB9E2F /* InfoPlist.strings */,
				8907100219219EC000BB9E2F /* main.m */,
				8907100419219EC000BB9E2F /* PianoHelp-Prefix.pch */,
			);
			name = "Supporting Files";
			sourceTree = "<group>";
		};
		8907101919219EC000BB9E2F /* PianoHelpTests */ = {
			isa = PBXGroup;
			children = (
				8907101F19219EC000BB9E2F /* PianoHelpTests.m */,
				8907101A19219EC000BB9E2F /* Supporting Files */,
			);
			path = PianoHelpTests;
			sourceTree = "<group>";
		};
		8907101A19219EC000BB9E2F /* Supporting Files */ = {
			isa = PBXGroup;
			children = (
				8907101B19219EC000BB9E2F /* PianoHelpTests-Info.plist */,
				8907101C19219EC000BB9E2F /* InfoPlist.strings */,
			);
			name = "Supporting Files";
			sourceTree = "<group>";
		};
		8925748D192E3DB80049EF14 /* CollectionView */ = {
			isa = PBXGroup;
			children = (
				8925748E192E40450049EF14 /* MelodyCategoryCollectioViewCell.h */,
				8925748F192E40450049EF14 /* MelodyCategoryCollectioViewCell.m */,
			);
			name = CollectionView;
			sourceTree = "<group>";
		};
		89A15D801921B78400647F7B /* images */ = {
			isa = PBXGroup;
			children = (
				89DB78E7156722B200332CB6 /* toobar_bg.png */,
				89429B8F1566D8A70003A7D4 /* bangdingxuliehao.png */,
				89429B901566D8A70003A7D4 /* bangdingxulihao.png */,
				89429B911566D8A70003A7D4 /* chakan.png */,
				89429B921566D8A70003A7D4 /* chakan1.png */,
				89429B931566D8A70003A7D4 /* confirmKuang.png */,
				89429B941566D8A70003A7D4 /* daohangtiao.png */,
				89429B951566D8A70003A7D4 /* ditu.png */,
				89429B961566D8A70003A7D4 /* fanhuishangji.png */,
				89429B971566D8A70003A7D4 /* fanhuishangji1.png */,
				89429B981566D8A70003A7D4 /* gengduo.png */,
				89429B991566D8A70003A7D4 /* gengduo1.png */,
				89429B9A1566D8A70003A7D4 /* huadongshanchu1.png */,
				89429B9B1566D8A70003A7D4 /* huadongshanchu2.png */,
				89429B9C1566D8A70003A7D4 /* huiyuanqupu.png */,
				89429B9D1566D8A70003A7D4 /* Icon-72.png */,
				89429B9E1566D8A70003A7D4 /* jiaocaiqupu.png */,
				89429B9F1566D8A70003A7D4 /* jiaocaishuben.png */,
				89429BA01566D8A70003A7D4 /* jinguan.png */,
				89429BA11566D8A70003A7D4 /* loading xiao.png */,
				89429BA21566D8A70003A7D4 /* loading.png */,
				89429BA31566D8A70003A7D4 /* puku.png */,
				89429BA41566D8A70003A7D4 /* puku1.png */,
				89429BA51566D8A70003A7D4 /* qinfang.png */,
				89429BA61566D8A70003A7D4 /* qinfang1.png */,
				89429BA71566D8A70003A7D4 /* quanbuyeqian.png */,
				89429BA81566D8A70003A7D4 /* quanbuyeqian1.png */,
				89429BA91566D8A70003A7D4 /* renwu.png */,
				89429BAA1566D8A70003A7D4 /* renwu1.png */,
				89429BAB1566D8A70003A7D4 /* sangemoshi.png */,
				89429BAC1566D8A70003A7D4 /* sanmoshiyuanjuxingbiankuang.png */,
				89429BAD1566D8A70003A7D4 /* shangcehng.png */,
				89429BAE1566D8A70003A7D4 /* shangcheng1.png */,
				89429BAF1566D8A70003A7D4 /* shifanqupu.png */,
				89429BB01566D8A70003A7D4 /* sousuotiao.png */,
				89429BB11566D8A70003A7D4 /* tanzou.png */,
				89429BB21566D8A70003A7D4 /* tanzou1.png */,
				89429BB31566D8A70003A7D4 /* tongguan.png */,
				89429BB41566D8A70003A7D4 /* tuichudangqianzhanghao1.png */,
				89429BB51566D8A70003A7D4 /* tuichudangqianzhanghu.png */,
				89429BB61566D8A70003A7D4 /* weigoumaitubiao.png */,
				89429BB71566D8A70003A7D4 /* weigouwu.png */,
				89429BB81566D8A70003A7D4 /* weigouwu1.png */,
				89429BB91566D8A70003A7D4 /* wenbenxinxikuang.png */,
				89429BBA1566D8A70003A7D4 /* xiai1.png */,
				89429BBB1566D8A70003A7D4 /* xiaoxi.png */,
				89429BBC1566D8A70003A7D4 /* xiaoxi1.png */,
				89429BBD1566D8A70003A7D4 /* xihai.png */,
				89429BBE1566D8A70003A7D4 /* yigouwu.png */,
				89429BBF1566D8A70003A7D4 /* yigouwu1.png */,
				89429BC01566D8A70003A7D4 /* yinguan.png */,
				89429BC11566D8A70003A7D4 /* zhanting.png */,
				89429BC21566D8A70003A7D4 /* zhanting1.png */,
			);
			path = images;
			sourceTree = "<group>";
		};
		89A15D831921B82C00647F7B /* SQLModel */ = {
			isa = PBXGroup;
			children = (
				8903B8AA192C48BB00B0C139 /* Melody.h */,
				8903B8AB192C48BB00B0C139 /* Melody.m */,
				8903B8A7192C44EA00B0C139 /* MelodyCategory.h */,
				8903B8A8192C44EA00B0C139 /* MelodyCategory.m */,
				89A15D9F1921BF2600647F7B /* MelodyFavorite.h */,
				89A15DA01921BF2600647F7B /* MelodyFavorite.m */,
				89A15D901921BEBF00647F7B /* Score.h */,
				89A15D911921BEBF00647F7B /* Score.m */,
			);
			name = SQLModel;
			sourceTree = "<group>";
		};
		89BE8D72192ADAAF00686AC7 /* TableCell */ = {
			isa = PBXGroup;
			children = (
				89BE8D76192AE16900686AC7 /* BaseTableViewCell.h */,
				89BE8D77192AE16900686AC7 /* BaseTableViewCell.m */,
				89BE8D73192ADAD100686AC7 /* MelodyTableViewCell.h */,
				89BE8D74192ADAD100686AC7 /* MelodyTableViewCell.m */,
			);
			name = TableCell;
			sourceTree = "<group>";
		};
/* End PBXGroup section */

/* Begin PBXNativeTarget section */
		89070FF019219EC000BB9E2F /* PianoHelp */ = {
			isa = PBXNativeTarget;
			buildConfigurationList = 8907102319219EC000BB9E2F /* Build configuration list for PBXNativeTarget "PianoHelp" */;
			buildPhases = (
				89070FED19219EC000BB9E2F /* Sources */,
				89070FEE19219EC000BB9E2F /* Frameworks */,
				89070FEF19219EC000BB9E2F /* Resources */,
			);
			buildRules = (
			);
			dependencies = (
			);
			name = PianoHelp;
			productName = PianoHelp;
			productReference = 89070FF119219EC000BB9E2F /* PianoHelp.app */;
			productType = "com.apple.product-type.application";
		};
		8907101019219EC000BB9E2F /* PianoHelpTests */ = {
			isa = PBXNativeTarget;
			buildConfigurationList = 8907102619219EC000BB9E2F /* Build configuration list for PBXNativeTarget "PianoHelpTests" */;
			buildPhases = (
				8907100D19219EC000BB9E2F /* Sources */,
				8907100E19219EC000BB9E2F /* Frameworks */,
				8907100F19219EC000BB9E2F /* Resources */,
			);
			buildRules = (
			);
			dependencies = (
				8907101819219EC000BB9E2F /* PBXTargetDependency */,
			);
			name = PianoHelpTests;
			productName = PianoHelpTests;
			productReference = 8907101119219EC000BB9E2F /* PianoHelpTests.xctest */;
			productType = "com.apple.product-type.bundle.unit-test";
		};
/* End PBXNativeTarget section */

/* Begin PBXProject section */
		89070FE919219EBF00BB9E2F /* Project object */ = {
			isa = PBXProject;
			attributes = {
				LastUpgradeCheck = 0510;
				ORGANIZATIONNAME = FlintInfo;
				TargetAttributes = {
					8907101019219EC000BB9E2F = {
						TestTargetID = 89070FF019219EC000BB9E2F;
					};
				};
			};
			buildConfigurationList = 89070FEC19219EBF00BB9E2F /* Build configuration list for PBXProject "PianoHelp" */;
			compatibilityVersion = "Xcode 3.2";
			developmentRegion = English;
			hasScannedForEncodings = 0;
			knownRegions = (
				en,
			);
			mainGroup = 89070FE819219EBF00BB9E2F;
			productRefGroup = 89070FF219219EC000BB9E2F /* Products */;
			projectDirPath = "";
			projectRoot = "";
			targets = (
				89070FF019219EC000BB9E2F /* PianoHelp */,
				8907101019219EC000BB9E2F /* PianoHelpTests */,
			);
		};
/* End PBXProject section */

/* Begin PBXResourcesBuildPhase section */
		89070FEF19219EC000BB9E2F /* Resources */ = {
			isa = PBXResourcesBuildPhase;
			buildActionMask = 2147483647;
			files = (
				89429BD41566D8A70003A7D4 /* jinguan.png in Resources */,
				89429BC31566D8A70003A7D4 /* bangdingxuliehao.png in Resources */,
				89429BD11566D8A70003A7D4 /* Icon-72.png in Resources */,
				89429BC61566D8A70003A7D4 /* chakan1.png in Resources */,
				89429BD01566D8A70003A7D4 /* huiyuanqupu.png in Resources */,
				89429BDA1566D8A70003A7D4 /* qinfang1.png in Resources */,
				89429BDC1566D8A70003A7D4 /* quanbuyeqian1.png in Resources */,
				89429BF11566D8A70003A7D4 /* xihai.png in Resources */,
				89429BE11566D8A70003A7D4 /* shangcehng.png in Resources */,
				89429BC71566D8A70003A7D4 /* confirmKuang.png in Resources */,
				8907100119219EC000BB9E2F /* InfoPlist.strings in Resources */,
				89429BC91566D8A70003A7D4 /* ditu.png in Resources */,
				89429BC51566D8A70003A7D4 /* chakan.png in Resources */,
				89429BD51566D8A70003A7D4 /* loading xiao.png in Resources */,
				89429BE51566D8A70003A7D4 /* tanzou.png in Resources */,
				89DB78E8156722B200332CB6 /* toobar_bg.png in Resources */,
				89429BDD1566D8A70003A7D4 /* renwu.png in Resources */,
				89429BDB1566D8A70003A7D4 /* quanbuyeqian.png in Resources */,
				89429BEB1566D8A70003A7D4 /* weigouwu.png in Resources */,
				89429BF01566D8A70003A7D4 /* xiaoxi1.png in Resources */,
				89429BC81566D8A70003A7D4 /* daohangtiao.png in Resources */,
				89429BF31566D8A70003A7D4 /* yigouwu1.png in Resources */,
				89429BD71566D8A70003A7D4 /* puku.png in Resources */,
				89429BCA1566D8A70003A7D4 /* fanhuishangji.png in Resources */,
				89429BE31566D8A70003A7D4 /* shifanqupu.png in Resources */,
				89429BEA1566D8A70003A7D4 /* weigoumaitubiao.png in Resources */,
				89429BF61566D8A70003A7D4 /* zhanting1.png in Resources */,
				89429BF51566D8A70003A7D4 /* zhanting.png in Resources */,
				89429BD91566D8A70003A7D4 /* qinfang.png in Resources */,
				89429BCD1566D8A70003A7D4 /* gengduo1.png in Resources */,
				89429BEE1566D8A70003A7D4 /* xiai1.png in Resources */,
				89429BCB1566D8A70003A7D4 /* fanhuishangji1.png in Resources */,
				89429BE01566D8A70003A7D4 /* sanmoshiyuanjuxingbiankuang.png in Resources */,
				89429BDF1566D8A70003A7D4 /* sangemoshi.png in Resources */,
				89429BE91566D8A70003A7D4 /* tuichudangqianzhanghu.png in Resources */,
				89429BD21566D8A70003A7D4 /* jiaocaiqupu.png in Resources */,
				8907100C19219EC000BB9E2F /* Images.xcassets in Resources */,
				89429BC41566D8A70003A7D4 /* bangdingxulihao.png in Resources */,
				89429BEF1566D8A70003A7D4 /* xiaoxi.png in Resources */,
				89429BF21566D8A70003A7D4 /* yigouwu.png in Resources */,
				89429BDE1566D8A70003A7D4 /* renwu1.png in Resources */,
				89429BCE1566D8A70003A7D4 /* huadongshanchu1.png in Resources */,
				89429BD61566D8A70003A7D4 /* loading.png in Resources */,
				89429BE81566D8A70003A7D4 /* tuichudangqianzhanghao1.png in Resources */,
				8907102A19219F3A00BB9E2F /* Storyboard.storyboard in Resources */,
				89429BD31566D8A70003A7D4 /* jiaocaishuben.png in Resources */,
				89429BE41566D8A70003A7D4 /* sousuotiao.png in Resources */,
				89429BF41566D8A70003A7D4 /* yinguan.png in Resources */,
				89429BCF1566D8A70003A7D4 /* huadongshanchu2.png in Resources */,
				89429BD81566D8A70003A7D4 /* puku1.png in Resources */,
				89429BE21566D8A70003A7D4 /* shangcheng1.png in Resources */,
				89429BCC1566D8A70003A7D4 /* gengduo.png in Resources */,
				89429BED1566D8A70003A7D4 /* wenbenxinxikuang.png in Resources */,
				89429BE71566D8A70003A7D4 /* tongguan.png in Resources */,
				89429BEC1566D8A70003A7D4 /* weigouwu1.png in Resources */,
				89429BE61566D8A70003A7D4 /* tanzou1.png in Resources */,
			);
			runOnlyForDeploymentPostprocessing = 0;
		};
		8907100F19219EC000BB9E2F /* Resources */ = {
			isa = PBXResourcesBuildPhase;
			buildActionMask = 2147483647;
			files = (
				8907101E19219EC000BB9E2F /* InfoPlist.strings in Resources */,
			);
			runOnlyForDeploymentPostprocessing = 0;
		};
/* End PBXResourcesBuildPhase section */

/* Begin PBXSourcesBuildPhase section */
		89070FED19219EC000BB9E2F /* Sources */ = {
			isa = PBXSourcesBuildPhase;
			buildActionMask = 2147483647;
			files = (
				89BE8D78192AE16900686AC7 /* BaseTableViewCell.m in Sources */,
				8907100719219EC000BB9E2F /* AppDelegate.m in Sources */,
				8987A5651925B54600DEE6AE /* BaseViewController.m in Sources */,
				89BE8D75192ADAD100686AC7 /* MelodyTableViewCell.m in Sources */,
				8987A55419258DEA00DEE6AE /* MelodyViewController.m in Sources */,
				8903B8AC192C48BB00B0C139 /* Melody.m in Sources */,
				8987A5621925B12600DEE6AE /* ShowViewController.m in Sources */,
				89D61FD21927965400355EF0 /* APLProduct.m in Sources */,
				8903B8A9192C44EA00B0C139 /* MelodyCategory.m in Sources */,
				89257490192E40450049EF14 /* MelodyCategoryCollectioViewCell.m in Sources */,
				8907100A19219EC000BB9E2F /* PianoHelp.xcdatamodeld in Sources */,
				8987A55A19258FA500DEE6AE /* ShopViewController.m in Sources */,
				89A15D921921BEBF00647F7B /* Score.m in Sources */,
				8936CF64192440F0001E5DCC /* SearchViewController.m in Sources */,
				8907102D1921A03900BB9E2F /* RootViewController.m in Sources */,
				89F6C0D9193222ED00823EF5 /* MelodyDetailViewController.m in Sources */,
				8987A55719258E2200DEE6AE /* MelodyCategoryViewController.m in Sources */,
				8987A55D19258FB900DEE6AE /* QinFangViewController.m in Sources */,
				89A15DA11921BF2600647F7B /* MelodyFavorite.m in Sources */,
				8907100319219EC000BB9E2F /* main.m in Sources */,
			);
			runOnlyForDeploymentPostprocessing = 0;
		};
		8907100D19219EC000BB9E2F /* Sources */ = {
			isa = PBXSourcesBuildPhase;
			buildActionMask = 2147483647;
			files = (
				8907102019219EC000BB9E2F /* PianoHelpTests.m in Sources */,
			);
			runOnlyForDeploymentPostprocessing = 0;
		};
/* End PBXSourcesBuildPhase section */

/* Begin PBXTargetDependency section */
		8907101819219EC000BB9E2F /* PBXTargetDependency */ = {
			isa = PBXTargetDependency;
			target = 89070FF019219EC000BB9E2F /* PianoHelp */;
			targetProxy = 8907101719219EC000BB9E2F /* PBXContainerItemProxy */;
		};
/* End PBXTargetDependency section */

/* Begin PBXVariantGroup section */
		89070FFF19219EC000BB9E2F /* InfoPlist.strings */ = {
			isa = PBXVariantGroup;
			children = (
				8907100019219EC000BB9E2F /* en */,
			);
			name = InfoPlist.strings;
			sourceTree = "<group>";
		};
		8907101C19219EC000BB9E2F /* InfoPlist.strings */ = {
			isa = PBXVariantGroup;
			children = (
				8907101D19219EC000BB9E2F /* en */,
			);
			name = InfoPlist.strings;
			sourceTree = "<group>";
		};
/* End PBXVariantGroup section */

/* Begin XCBuildConfiguration section */
		8907102119219EC000BB9E2F /* Debug */ = {
			isa = XCBuildConfiguration;
			buildSettings = {
				ALWAYS_SEARCH_USER_PATHS = NO;
				CLANG_CXX_LANGUAGE_STANDARD = "gnu++0x";
				CLANG_CXX_LIBRARY = "libc++";
				CLANG_ENABLE_MODULES = YES;
				CLANG_ENABLE_OBJC_ARC = YES;
				CLANG_WARN_BOOL_CONVERSION = YES;
				CLANG_WARN_CONSTANT_CONVERSION = YES;
				CLANG_WARN_DIRECT_OBJC_ISA_USAGE = YES_ERROR;
				CLANG_WARN_EMPTY_BODY = YES;
				CLANG_WARN_ENUM_CONVERSION = YES;
				CLANG_WARN_INT_CONVERSION = YES;
				CLANG_WARN_OBJC_ROOT_CLASS = YES_ERROR;
				CLANG_WARN__DUPLICATE_METHOD_MATCH = YES;
				CODE_SIGN_IDENTITY = "iPhone Developer: 林 Lin (R8TVBQFHB2)";
				"CODE_SIGN_IDENTITY[sdk=iphoneos*]" = "iPhone Developer: 林 Lin (R8TVBQFHB2)";
				COPY_PHASE_STRIP = NO;
				GCC_C_LANGUAGE_STANDARD = gnu99;
				GCC_DYNAMIC_NO_PIC = NO;
				GCC_OPTIMIZATION_LEVEL = 0;
				GCC_PREPROCESSOR_DEFINITIONS = (
					"DEBUG=1",
					"$(inherited)",
				);
				GCC_SYMBOLS_PRIVATE_EXTERN = NO;
				GCC_WARN_64_TO_32_BIT_CONVERSION = YES;
				GCC_WARN_ABOUT_RETURN_TYPE = YES_ERROR;
				GCC_WARN_UNDECLARED_SELECTOR = YES;
				GCC_WARN_UNINITIALIZED_AUTOS = YES_AGGRESSIVE;
				GCC_WARN_UNUSED_FUNCTION = YES;
				GCC_WARN_UNUSED_VARIABLE = YES;
				IPHONEOS_DEPLOYMENT_TARGET = 7.1;
				ONLY_ACTIVE_ARCH = YES;
				PROVISIONING_PROFILE = "81C5797C-4FB6-4439-B1FD-26E102B8C8E7";
				SDKROOT = iphoneos;
				TARGETED_DEVICE_FAMILY = 2;
			};
			name = Debug;
		};
		8907102219219EC000BB9E2F /* Release */ = {
			isa = XCBuildConfiguration;
			buildSettings = {
				ALWAYS_SEARCH_USER_PATHS = NO;
				CLANG_CXX_LANGUAGE_STANDARD = "gnu++0x";
				CLANG_CXX_LIBRARY = "libc++";
				CLANG_ENABLE_MODULES = YES;
				CLANG_ENABLE_OBJC_ARC = YES;
				CLANG_WARN_BOOL_CONVERSION = YES;
				CLANG_WARN_CONSTANT_CONVERSION = YES;
				CLANG_WARN_DIRECT_OBJC_ISA_USAGE = YES_ERROR;
				CLANG_WARN_EMPTY_BODY = YES;
				CLANG_WARN_ENUM_CONVERSION = YES;
				CLANG_WARN_INT_CONVERSION = YES;
				CLANG_WARN_OBJC_ROOT_CLASS = YES_ERROR;
				CLANG_WARN__DUPLICATE_METHOD_MATCH = YES;
				"CODE_SIGN_IDENTITY[sdk=iphoneos*]" = "iPhone Developer";
				COPY_PHASE_STRIP = YES;
				ENABLE_NS_ASSERTIONS = NO;
				GCC_C_LANGUAGE_STANDARD = gnu99;
				GCC_WARN_64_TO_32_BIT_CONVERSION = YES;
				GCC_WARN_ABOUT_RETURN_TYPE = YES_ERROR;
				GCC_WARN_UNDECLARED_SELECTOR = YES;
				GCC_WARN_UNINITIALIZED_AUTOS = YES_AGGRESSIVE;
				GCC_WARN_UNUSED_FUNCTION = YES;
				GCC_WARN_UNUSED_VARIABLE = YES;
				IPHONEOS_DEPLOYMENT_TARGET = 7.1;
				PROVISIONING_PROFILE = "81C5797C-4FB6-4439-B1FD-26E102B8C8E7";
				SDKROOT = iphoneos;
				TARGETED_DEVICE_FAMILY = 2;
				VALIDATE_PRODUCT = YES;
			};
			name = Release;
		};
		8907102419219EC000BB9E2F /* Debug */ = {
			isa = XCBuildConfiguration;
			buildSettings = {
				ASSETCATALOG_COMPILER_APPICON_NAME = AppIcon;
				ASSETCATALOG_COMPILER_LAUNCHIMAGE_NAME = LaunchImage;
				CODE_SIGN_IDENTITY = "iPhone Developer: 林 Lin (R8TVBQFHB2)";
				GCC_PRECOMPILE_PREFIX_HEADER = YES;
				GCC_PREFIX_HEADER = "PianoHelp/PianoHelp-Prefix.pch";
				INFOPLIST_FILE = "PianoHelp/PianoHelp-Info.plist";
				IPHONEOS_DEPLOYMENT_TARGET = 6.0;
				PRODUCT_NAME = "$(TARGET_NAME)";
				PROVISIONING_PROFILE = "81C5797C-4FB6-4439-B1FD-26E102B8C8E7";
				WRAPPER_EXTENSION = app;
			};
			name = Debug;
		};
		8907102519219EC000BB9E2F /* Release */ = {
			isa = XCBuildConfiguration;
			buildSettings = {
				ASSETCATALOG_COMPILER_APPICON_NAME = AppIcon;
				ASSETCATALOG_COMPILER_LAUNCHIMAGE_NAME = LaunchImage;
				GCC_PRECOMPILE_PREFIX_HEADER = YES;
				GCC_PREFIX_HEADER = "PianoHelp/PianoHelp-Prefix.pch";
				INFOPLIST_FILE = "PianoHelp/PianoHelp-Info.plist";
				IPHONEOS_DEPLOYMENT_TARGET = 6.0;
				PRODUCT_NAME = "$(TARGET_NAME)";
				PROVISIONING_PROFILE = "81C5797C-4FB6-4439-B1FD-26E102B8C8E7";
				WRAPPER_EXTENSION = app;
			};
			name = Release;
		};
		8907102719219EC000BB9E2F /* Debug */ = {
			isa = XCBuildConfiguration;
			buildSettings = {
				BUNDLE_LOADER = "$(BUILT_PRODUCTS_DIR)/PianoHelp.app/PianoHelp";
				FRAMEWORK_SEARCH_PATHS = (
					"$(SDKROOT)/Developer/Library/Frameworks",
					"$(inherited)",
					"$(DEVELOPER_FRAMEWORKS_DIR)",
				);
				GCC_PRECOMPILE_PREFIX_HEADER = YES;
				GCC_PREFIX_HEADER = "PianoHelp/PianoHelp-Prefix.pch";
				GCC_PREPROCESSOR_DEFINITIONS = (
					"DEBUG=1",
					"$(inherited)",
				);
				INFOPLIST_FILE = "PianoHelpTests/PianoHelpTests-Info.plist";
				PRODUCT_NAME = "$(TARGET_NAME)";
				TEST_HOST = "$(BUNDLE_LOADER)";
				WRAPPER_EXTENSION = xctest;
			};
			name = Debug;
		};
		8907102819219EC000BB9E2F /* Release */ = {
			isa = XCBuildConfiguration;
			buildSettings = {
				BUNDLE_LOADER = "$(BUILT_PRODUCTS_DIR)/PianoHelp.app/PianoHelp";
				FRAMEWORK_SEARCH_PATHS = (
					"$(SDKROOT)/Developer/Library/Frameworks",
					"$(inherited)",
					"$(DEVELOPER_FRAMEWORKS_DIR)",
				);
				GCC_PRECOMPILE_PREFIX_HEADER = YES;
				GCC_PREFIX_HEADER = "PianoHelp/PianoHelp-Prefix.pch";
				INFOPLIST_FILE = "PianoHelpTests/PianoHelpTests-Info.plist";
				PRODUCT_NAME = "$(TARGET_NAME)";
				TEST_HOST = "$(BUNDLE_LOADER)";
				WRAPPER_EXTENSION = xctest;
			};
			name = Release;
		};
/* End XCBuildConfiguration section */

/* Begin XCConfigurationList section */
		89070FEC19219EBF00BB9E2F /* Build configuration list for PBXProject "PianoHelp" */ = {
			isa = XCConfigurationList;
			buildConfigurations = (
				8907102119219EC000BB9E2F /* Debug */,
				8907102219219EC000BB9E2F /* Release */,
			);
			defaultConfigurationIsVisible = 0;
			defaultConfigurationName = Release;
		};
		8907102319219EC000BB9E2F /* Build configuration list for PBXNativeTarget "PianoHelp" */ = {
			isa = XCConfigurationList;
			buildConfigurations = (
				8907102419219EC000BB9E2F /* Debug */,
				8907102519219EC000BB9E2F /* Release */,
			);
			defaultConfigurationIsVisible = 0;
			defaultConfigurationName = Release;
		};
		8907102619219EC000BB9E2F /* Build configuration list for PBXNativeTarget "PianoHelpTests" */ = {
			isa = XCConfigurationList;
			buildConfigurations = (
				8907102719219EC000BB9E2F /* Debug */,
				8907102819219EC000BB9E2F /* Release */,
			);
			defaultConfigurationIsVisible = 0;
			defaultConfigurationName = Release;
		};
/* End XCConfigurationList section */

/* Begin XCVersionGroup section */
		8907100819219EC000BB9E2F /* PianoHelp.xcdatamodeld */ = {
			isa = XCVersionGroup;
			children = (
				8907100919219EC000BB9E2F /* PianoHelp.xcdatamodel */,
			);
			currentVersion = 8907100919219EC000BB9E2F /* PianoHelp.xcdatamodel */;
			path = PianoHelp.xcdatamodeld;
			sourceTree = "<group>";
			versionGroupType = wrapper.xcdatamodel;
		};
/* End XCVersionGroup section */
	};
	rootObject = 89070FE919219EBF00BB9E2F /* Project object */;
}
